{
  "version": 4,
  "terraform_version": "1.11.4",
  "serial": 9,
  "lineage": "757caf61-8610-9b48-0adb-c78cb20417e8",
  "outputs": {},
  "resources": [
    {
      "mode": "managed",
      "type": "esxi_guest",
      "name": "vmtest01",
      "provider": "provider[\"registry.terraform.io/josenk/esxi\"]",
      "instances": [
        {
          "status": "tainted",
          "schema_version": 0,
          "attributes": {
            "boot_disk_size": null,
            "boot_disk_type": "thin",
            "boot_firmware": "bios",
            "clone_from_vm": null,
            "disk_store": "DS01",
            "guest_name": "vmtest01",
            "guest_shutdown_timeout": 20,
            "guest_startup_timeout": 120,
            "guestinfo": null,
            "guestos": "ubuntu-x64",
            "host_ovf": null,
            "id": "4",
            "ip_address": null,
            "memsize": "1024",
            "network_interfaces": [
              {
                "mac_address": "",
                "nic_type": "",
                "virtual_network": "VM Network"
              }
            ],
            "notes": null,
            "numvcpus": "1",
            "ovf_properties": [],
            "ovf_properties_timer": 90,
            "ovf_source": "https://cloud-images.ubuntu.com/releases/24.04/release/ubuntu-24.04-server-cloudimg-amd64.ova",
            "power": "on",
            "resource_pool_name": "/",
            "virthwver": null,
            "virtual_disks": []
          },
          "sensitive_attributes": [],
          "private": "bnVsbA=="
        }
      ]
    }
  ],
  "check_results": null
}
